
Microsoft Visual Studio Solution File, Format Version 12.00
# Visual Studio Version 16
VisualStudioVersion = 16.0.31321.278
MinimumVisualStudioVersion = 10.0.40219.1
Project("{FAE04EC0-301F-11D3-BF4B-00C04F79EFBC}") = "XMLTV-Tools", "XMLTV-Tools\XMLTV-Tools.csproj", "{A290492E-C6BC-4DA2-938E-F9F6937A635D}"
EndProject
Global
	GlobalSection(SolutionConfigurationPlatforms) = preSolution
		Debug|Any CPU = Debug|Any CPU
		Release|Any CPU = Release|Any CPU
	EndGlobalSection
	GlobalSection(ProjectConfigurationPlatforms) = postSolution
		{A290492E-C6BC-4DA2-938E-F9F6937A635D}.Debug|Any CPU.ActiveCfg = Debug|Any CPU
		{A290492E-C6BC-4DA2-938E-F9F6937A635D}.Debug|Any CPU.Build.0 = Debug|Any CPU
		{A290492E-C6BC-4DA2-938E-F9F6937A635D}.Release|Any CPU.ActiveCfg = Release|Any CPU
		{A290492E-C6BC-4DA2-938E-F9F6937A635D}.Release|Any CPU.Build.0 = Release|Any CPU
	EndGlobalSection
	GlobalSection(SolutionProperties) = preSolution
		HideSolutionNode = FALSE
	EndGlobalSection
	GlobalSection(ExtensibilityGlobals) = postSolution
		SolutionGuid = {1D2DFF65-0C01-4412-B152-83066378B789}
	EndGlobalSection
EndGlobal
